<?xml version="1.0" encoding="utf-8"?>
<Project ToolsVersion="4.0" xmlns="http://schemas.microsoft.com/developer/msbuild/2003">
  <ItemGroup>
    <Filter Include="Source Files">
      <UniqueIdentifier>{4FC737F1-C7A5-4376-A066-2A32D752A2FF}</UniqueIdentifier>
      <Extensions>cpp;c;cc;cxx;c++;cppm;ixx;def;odl;idl;hpj;bat;asm;asmx</Extensions>
    </Filter>
    <Filter Include="Header Files">
      <UniqueIdentifier>{93995380-89BD-4b04-88EB-625FBE52EBFB}</UniqueIdentifier>
      <Extensions>h;hh;hpp;hxx;h++;hm;inl;inc;ipp;xsd</Extensions>
    </Filter>
    <Filter Include="Resource Files">
      <UniqueIdentifier>{67DA6AB6-F800-4c08-8B7A-83BB121AAD01}</UniqueIdentifier>
      <Extensions>rc;ico;cur;bmp;dlg;rc2;rct;bin;rgs;gif;jpg;jpeg;jpe;resx;tiff;tif;png;wav;mfcribbon-ms</Extensions>
    </Filter>
  </ItemGroup>
  <ItemGroup>
    <ClInclude Include="src\gmath\internal\units_helper.h">
      <Filter>Header Files</Filter>
    </ClInclude>
    <ClInclude Include="src\gmath\axis_aligned_box.h">
      <Filter>Header Files</Filter>
    </ClInclude>
    <ClInclude Include="src\gmath\direction.h">
      <Filter>Header Files</Filter>
    </ClInclude>
    <ClInclude Include="src\gmath\position.h">
      <Filter>Header Files</Filter>
    </ClInclude>
    <ClInclude Include="src\gmath\ray.h">
      <Filter>Header Files</Filter>
    </ClInclude>
    <ClInclude Include="src\gmath\ray_hit.h">
      <Filter>Header Files</Filter>
    </ClInclude>
    <ClInclude Include="src\gmath\Transform.h">
      <Filter>Header Files</Filter>
    </ClInclude>
    <ClInclude Include="src\gmath\units.h">
      <Filter>Header Files</Filter>
    </ClInclude>
    <ClInclude Include="src\gmath\utils.h">
      <Filter>Header Files</Filter>
    </ClInclude>
    <ClInclude Include="src\gmath\vector.h">
      <Filter>Header Files</Filter>
    </ClInclude>
    <ClInclude Include="src\gserializer\serializers\json_serializer.h">
      <Filter>Header Files</Filter>
    </ClInclude>
    <ClInclude Include="src\gserializer\enum.h">
      <Filter>Header Files</Filter>
    </ClInclude>
    <ClInclude Include="src\gserializer\gmath_serialization.h">
      <Filter>Header Files</Filter>
    </ClInclude>
    <ClInclude Include="src\gserializer\serializer.h">
      <Filter>Header Files</Filter>
    </ClInclude>
    <ClInclude Include="src\gserializer\type_factory.h">
      <Filter>Header Files</Filter>
    </ClInclude>
    <ClInclude Include="src\gthread\concurrent_bounded_queue.h">
      <Filter>Header Files</Filter>
    </ClInclude>
    <ClInclude Include="src\gthread\concurrent_queue.h">
      <Filter>Header Files</Filter>
    </ClInclude>
    <ClInclude Include="src\gthread\job_manager.h">
      <Filter>Header Files</Filter>
    </ClInclude>
    <ClInclude Include="src\gthread\latch.h">
      <Filter>Header Files</Filter>
    </ClInclude>
    <ClInclude Include="src\gthread\semaphore.h">
      <Filter>Header Files</Filter>
    </ClInclude>
    <ClInclude Include="src\gthread\task.h">
      <Filter>Header Files</Filter>
    </ClInclude>
    <ClInclude Include="src\gthread\task_group.h">
      <Filter>Header Files</Filter>
    </ClInclude>
    <ClInclude Include="src\gthread\thread_group.h">
      <Filter>Header Files</Filter>
    </ClInclude>
    <ClInclude Include="src\gtl\cast.h">
      <Filter>Header Files</Filter>
    </ClInclude>
    <ClInclude Include="src\gtl\span.h">
      <Filter>Header Files</Filter>
    </ClInclude>
    <ClInclude Include="src\stdafx.h">
      <Filter>Header Files</Filter>
    </ClInclude>
    <ClInclude Include="src\gcore\world.h">
      <Filter>Header Files</Filter>
    </ClInclude>
    <ClInclude Include="src\gcore\system.h">
      <Filter>Header Files</Filter>
    </ClInclude>
    <ClInclude Include="src\gcore\system_registry.h">
      <Filter>Header Files</Filter>
    </ClInclude>
    <ClInclude Include="src\gcore\entity_registry.h">
      <Filter>Header Files</Filter>
    </ClInclude>
    <ClInclude Include="src\gcore\component.h">
      <Filter>Header Files</Filter>
    </ClInclude>
    <ClInclude Include="src\gtl\uuid.h">
      <Filter>Header Files</Filter>
    </ClInclude>
    <ClInclude Include="src\gcore\resource.h">
      <Filter>Header Files</Filter>
    </ClInclude>
    <ClInclude Include="src\gcore\resource_library.h">
      <Filter>Header Files</Filter>
    </ClInclude>
    <ClInclude Include="src\grender\resources\mesh_resource.h">
      <Filter>Header Files</Filter>
    </ClInclude>
    <ClInclude Include="src\grender\utils.h">
      <Filter>Header Files</Filter>
    </ClInclude>
    <ClInclude Include="src\gcore\spaces.h">
      <Filter>Header Files</Filter>
    </ClInclude>
    <ClInclude Include="src\grender\resources\program.h">
      <Filter>Header Files</Filter>
    </ClInclude>
    <ClInclude Include="src\grender\serializers\imgui_serializer.h">
      <Filter>Header Files</Filter>
    </ClInclude>
    <ClInclude Include="src\gcore\components\transform_component.h">
      <Filter>Header Files</Filter>
    </ClInclude>
    <ClInclude Include="src\grender\components\graphic_component.h">
      <Filter>Header Files</Filter>
    </ClInclude>
    <ClInclude Include="src\grender\systems\render_system.h">
      <Filter>Header Files</Filter>
    </ClInclude>
    <ClInclude Include="src\gtool\common_widgets.h">
      <Filter>Header Files</Filter>
    </ClInclude>
    <ClInclude Include="src\grender\uniform_variant.h">
      <Filter>Header Files</Filter>
    </ClInclude>
    <ClInclude Include="src\grender\components\camera_component.h">
      <Filter>Header Files</Filter>
    </ClInclude>
    <ClInclude Include="src\gcore\components\input_component.h">
      <Filter>Header Files</Filter>
    </ClInclude>
    <ClInclude Include="src\gcore\systems\input_system.h">
      <Filter>Header Files</Filter>
    </ClInclude>
    <ClInclude Include="src\gcore\components\flying_controller_component.h">
      <Filter>Header Files</Filter>
    </ClInclude>
    <ClInclude Include="src\gcore\systems\flying_controller_system.h">
      <Filter>Header Files</Filter>
    </ClInclude>
    <ClInclude Include="src\gcore\input_key.h">
      <Filter>Header Files</Filter>
    </ClInclude>
    <ClInclude Include="src\gtl\utility.h">
      <Filter>Header Files</Filter>
    </ClInclude>
    <ClInclude Include="src\gcore\components\extent_component.h">
      <Filter>Header Files</Filter>
    </ClInclude>
    <ClInclude Include="src\grender\resources\texture.h">
      <Filter>Header Files</Filter>
    </ClInclude>
    <ClInclude Include="src\gcore\serializers\dependency_gatherer_serializer.h">
      <Filter>Header Files</Filter>
    </ClInclude>
    <ClInclude Include="src\grender\render_target.h">
      <Filter>Header Files</Filter>
    </ClInclude>
    <ClInclude Include="src\grender\frame_buffer.h">
      <Filter>Header Files</Filter>
    </ClInclude>
    <ClInclude Include="src\grender\components\light_component.h">
      <Filter>Header Files</Filter>
    </ClInclude>
    <ClInclude Include="src\gtool\window_manager.h">
      <Filter>Header Files</Filter>
    </ClInclude>
    <ClInclude Include="src\gtool\window.h">
      <Filter>Header Files</Filter>
    </ClInclude>
    <ClInclude Include="src\gtool\windows\entity_view_window.h">
      <Filter>Header Files</Filter>
    </ClInclude>
    <ClInclude Include="src\gtool\windows\resource_view_window.h">
      <Filter>Header Files</Filter>
    </ClInclude>
    <ClInclude Include="src\gtool\windows\viewport_window.h">
      <Filter>Header Files</Filter>
    </ClInclude>
    <ClInclude Include="src\grender\resources\cube_map_texture.h">
      <Filter>Header Files</Filter>
    </ClInclude>
    <ClInclude Include="src\grender\components\skybox_component.h">
      <Filter>Header Files</Filter>
    </ClInclude>
    <ClInclude Include="src\gcore\resource_handle.h">
      <Filter>Header Files</Filter>
    </ClInclude>
    <ClInclude Include="src\gcore\components\name_component.h">
      <Filter>Header Files</Filter>
    </ClInclude>
    <ClInclude Include="src\gtl\scope_timer.h">
      <Filter>Header Files</Filter>
    </ClInclude>
    <ClInclude Include="src\gserializer\serializers\binary_file_serializer.h">
      <Filter>Header Files</Filter>
    </ClInclude>
    <ClInclude Include="src\gtool\importer.h">
      <Filter>Header Files</Filter>
    </ClInclude>
    <ClInclude Include="src\gphys\systems\physic_systems.h">
      <Filter>Header Files</Filter>
    </ClInclude>
    <ClInclude Include="src\gphys\components\physic_component.h">
      <Filter>Header Files</Filter>
    </ClInclude>
    <ClInclude Include="src\gphys\resources\mesh_shape.h">
      <Filter>Header Files</Filter>
    </ClInclude>
    <ClInclude Include="src\gphys\utils.h">
      <Filter>Header Files</Filter>
    </ClInclude>
    <ClInclude Include="src\gphys\debug_drawer.h">
      <Filter>Header Files</Filter>
    </ClInclude>
    <ClInclude Include="src\grender\systems\debug_render_system.h">
      <Filter>Header Files</Filter>
    </ClInclude>
    <ClInclude Include="src\gphys\motion_state.h">
      <Filter>Header Files</Filter>
    </ClInclude>
    <ClInclude Include="src\gtl\callbacks.h">
      <Filter>Header Files</Filter>
    </ClInclude>
    <ClInclude Include="src\grender\dds_image_data.h">
      <Filter>Header Files</Filter>
    </ClInclude>
    <ClInclude Include="src\gphys\resources\collision_shape.h">
      <Filter>Header Files</Filter>
    </ClInclude>
    <ClInclude Include="src\gphys\resources\heightfield_shape.h">
      <Filter>Header Files</Filter>
    </ClInclude>
    <ClInclude Include="src\grender\resources\texture_2d.h">
      <Filter>Header Files</Filter>
    </ClInclude>
    <ClInclude Include="src\gphys\resources\capsule_shape.h">
      <Filter>Header Files</Filter>
    </ClInclude>
    <ClInclude Include="src\gphys\resources\sphere_shape.h">
      <Filter>Header Files</Filter>
    </ClInclude>
    <ClInclude Include="src\gcore\script\node_data_type.h">
      <Filter>Header Files</Filter>
    </ClInclude>
    <ClInclude Include="src\gcore\script\node_data.h">
      <Filter>Header Files</Filter>
    </ClInclude>
    <ClInclude Include="src\grender\render_script_registration.h">
      <Filter>Header Files</Filter>
    </ClInclude>
    <ClInclude Include="src\gcore\core_script_registration.h">
      <Filter>Header Files</Filter>
    </ClInclude>
    <ClInclude Include="src\gphys\phys_script_registration.h">
      <Filter>Header Files</Filter>
    </ClInclude>
    <ClInclude Include="src\gcore\script\node.h">
      <Filter>Header Files</Filter>
    </ClInclude>
    <ClInclude Include="src\gcore\script\script_context.h">
      <Filter>Header Files</Filter>
    </ClInclude>
    <ClInclude Include="src\gcore\script\node_helper.h">
      <Filter>Header Files</Filter>
    </ClInclude>
    <ClInclude Include="src\gcore\script\script.h">
      <Filter>Header Files</Filter>
    </ClInclude>
    <ClInclude Include="src\gcore\script\script_defines.h">
      <Filter>Header Files</Filter>
    </ClInclude>
    <ClInclude Include="src\gcore\script\nodes\comparison_nodes.h">
      <Filter>Header Files</Filter>
    </ClInclude>
    <ClInclude Include="src\gcore\script\nodes\constant_node.h">
      <Filter>Header Files</Filter>
    </ClInclude>
    <ClInclude Include="src\gcore\script\node_factory.h">
      <Filter>Header Files</Filter>
    </ClInclude>
    <ClInclude Include="src\gtool\windows\node_editor_window.h">
      <Filter>Header Files</Filter>
    </ClInclude>
    <ClInclude Include="src\gcore\script\nodes\arithmetic_nodes.h">
      <Filter>Header Files</Filter>
    </ClInclude>
    <ClInclude Include="src\gcore\script\nodes\bool_operation_node.h">
      <Filter>Header Files</Filter>
    </ClInclude>
    <ClInclude Include="src\gcore\script\nodes\conversion_node.h">
      <Filter>Header Files</Filter>
    </ClInclude>
  </ItemGroup>
  <ItemGroup>
    <ClCompile Include="src\gserializer\serializers\json_serializer.cpp">
      <Filter>Source Files</Filter>
    </ClCompile>
    <ClCompile Include="src\gserializer\gmath_serialization.cpp">
      <Filter>Source Files</Filter>
    </ClCompile>
    <ClCompile Include="src\gthread\job_manager.cpp">
      <Filter>Source Files</Filter>
    </ClCompile>
    <ClCompile Include="src\gthread\latch.cpp">
      <Filter>Source Files</Filter>
    </ClCompile>
    <ClCompile Include="src\gthread\task_group.cpp">
      <Filter>Source Files</Filter>
    </ClCompile>
    <ClCompile Include="src\gthread\thread_group.cpp">
      <Filter>Source Files</Filter>
    </ClCompile>
    <ClCompile Include="src\stdafx.cpp">
      <Filter>Source Files</Filter>
    </ClCompile>
    <ClCompile Include="src\gcore\world.cpp">
      <Filter>Source Files</Filter>
    </ClCompile>
    <ClCompile Include="src\gcore\system_registry.cpp">
      <Filter>Source Files</Filter>
    </ClCompile>
    <ClCompile Include="src\gcore\entity_registry.cpp">
      <Filter>Source Files</Filter>
    </ClCompile>
    <ClCompile Include="src\gtl\uuid.cpp">
      <Filter>Source Files</Filter>
    </ClCompile>
    <ClCompile Include="src\gcore\resource.cpp">
      <Filter>Source Files</Filter>
    </ClCompile>
    <ClCompile Include="src\gcore\resource_library.cpp">
      <Filter>Source Files</Filter>
    </ClCompile>
    <ClCompile Include="src\grender\resources\mesh_resource.cpp">
      <Filter>Source Files</Filter>
    </ClCompile>
    <ClCompile Include="src\grender\resources\program.cpp">
      <Filter>Source Files</Filter>
    </ClCompile>
    <ClCompile Include="src\grender\serializers\imgui_serializer.cpp">
      <Filter>Source Files</Filter>
    </ClCompile>
    <ClCompile Include="src\gcore\components\transform_component.cpp">
      <Filter>Source Files</Filter>
    </ClCompile>
    <ClCompile Include="src\grender\components\graphic_component.cpp">
      <Filter>Source Files</Filter>
    </ClCompile>
    <ClCompile Include="src\grender\systems\render_system.cpp">
      <Filter>Source Files</Filter>
    </ClCompile>
    <ClCompile Include="src\gtool\common_widgets.cpp">
      <Filter>Source Files</Filter>
    </ClCompile>
    <ClCompile Include="src\grender\uniform_variant.cpp">
      <Filter>Source Files</Filter>
    </ClCompile>
    <ClCompile Include="src\grender\components\camera_component.cpp">
      <Filter>Source Files</Filter>
    </ClCompile>
    <ClCompile Include="src\gcore\components\input_component.cpp">
      <Filter>Source Files</Filter>
    </ClCompile>
    <ClCompile Include="src\gcore\systems\input_system.cpp">
      <Filter>Source Files</Filter>
    </ClCompile>
    <ClCompile Include="src\gcore\components\flying_controller_component.cpp">
      <Filter>Source Files</Filter>
    </ClCompile>
    <ClCompile Include="src\gcore\systems\flying_controller_system.cpp">
      <Filter>Source Files</Filter>
    </ClCompile>
    <ClCompile Include="src\gcore\input_key.cpp">
      <Filter>Source Files</Filter>
    </ClCompile>
    <ClCompile Include="src\gcore\components\extent_component.cpp">
      <Filter>Source Files</Filter>
    </ClCompile>
    <ClCompile Include="src\grender\resources\texture.cpp">
      <Filter>Source Files</Filter>
    </ClCompile>
    <ClCompile Include="src\gcore\serializers\dependency_gatherer_serializer.cpp">
      <Filter>Source Files</Filter>
    </ClCompile>
    <ClCompile Include="src\grender\render_target.cpp">
      <Filter>Source Files</Filter>
    </ClCompile>
    <ClCompile Include="src\grender\frame_buffer.cpp">
      <Filter>Source Files</Filter>
    </ClCompile>
    <ClCompile Include="src\grender\components\light_component.cpp">
      <Filter>Source Files</Filter>
    </ClCompile>
    <ClCompile Include="src\gtool\window_manager.cpp">
      <Filter>Source Files</Filter>
    </ClCompile>
    <ClCompile Include="src\gtool\windows\entity_view_window.cpp">
      <Filter>Source Files</Filter>
    </ClCompile>
    <ClCompile Include="src\gtool\windows\resource_view_window.cpp">
      <Filter>Source Files</Filter>
    </ClCompile>
    <ClCompile Include="src\gtool\windows\viewport_window.cpp">
      <Filter>Source Files</Filter>
    </ClCompile>
    <ClCompile Include="src\grender\resources\cube_map_texture.cpp">
      <Filter>Source Files</Filter>
    </ClCompile>
    <ClCompile Include="src\grender\components\skybox_component.cpp">
      <Filter>Source Files</Filter>
    </ClCompile>
    <ClCompile Include="src\gcore\resource_handle.cpp">
      <Filter>Source Files</Filter>
    </ClCompile>
    <ClCompile Include="src\gcore\components\name_component.cpp">
      <Filter>Source Files</Filter>
    </ClCompile>
    <ClCompile Include="src\gtl\scope_timer.cpp">
      <Filter>Source Files</Filter>
    </ClCompile>
    <ClCompile Include="src\gserializer\serializers\binary_file_serializer.cpp">
      <Filter>Source Files</Filter>
    </ClCompile>
    <ClCompile Include="src\gtool\importer.cpp">
      <Filter>Source Files</Filter>
    </ClCompile>
    <ClCompile Include="src\gphys\systems\physic_systems.cpp">
      <Filter>Source Files</Filter>
    </ClCompile>
    <ClCompile Include="src\gphys\components\physic_component.cpp">
      <Filter>Source Files</Filter>
    </ClCompile>
    <ClCompile Include="src\gphys\resources\mesh_shape.cpp">
      <Filter>Source Files</Filter>
    </ClCompile>
    <ClCompile Include="src\gphys\utils.cpp">
      <Filter>Source Files</Filter>
    </ClCompile>
    <ClCompile Include="src\gphys\debug_drawer.cpp">
      <Filter>Source Files</Filter>
    </ClCompile>
    <ClCompile Include="src\grender\systems\debug_render_system.cpp">
      <Filter>Source Files</Filter>
    </ClCompile>
    <ClCompile Include="src\gphys\motion_state.cpp">
      <Filter>Source Files</Filter>
    </ClCompile>
    <ClCompile Include="src\grender\dds_image_data.cpp">
      <Filter>Source Files</Filter>
    </ClCompile>
    <ClCompile Include="src\gphys\resources\heightfield_shape.cpp">
      <Filter>Source Files</Filter>
    </ClCompile>
    <ClCompile Include="src\gphys\resources\collision_shape.cpp">
      <Filter>Source Files</Filter>
    </ClCompile>
    <ClCompile Include="src\grender\resources\texture_2d.cpp">
      <Filter>Source Files</Filter>
    </ClCompile>
    <ClCompile Include="src\gphys\resources\capsule_shape.cpp">
      <Filter>Source Files</Filter>
    </ClCompile>
    <ClCompile Include="src\gphys\resources\sphere_shape.cpp">
      <Filter>Source Files</Filter>
    </ClCompile>
    <ClCompile Include="src\gcore\script\node_data.cpp">
      <Filter>Source Files</Filter>
    </ClCompile>
    <ClCompile Include="src\gcore\script\node_data_type.cpp">
      <Filter>Source Files</Filter>
    </ClCompile>
    <ClCompile Include="src\grender\render_script_registration.cpp">
      <Filter>Source Files</Filter>
    </ClCompile>
    <ClCompile Include="src\gcore\core_script_registration.cpp">
      <Filter>Source Files</Filter>
    </ClCompile>
    <ClCompile Include="src\gphys\phys_script_registration.cpp">
      <Filter>Source Files</Filter>
    </ClCompile>
    <ClCompile Include="src\gcore\script\node.cpp">
      <Filter>Source Files</Filter>
    </ClCompile>
    <ClCompile Include="src\gcore\script\script.cpp">
      <Filter>Source Files</Filter>
    </ClCompile>
    <ClCompile Include="src\gcore\script\script_context.cpp">
      <Filter>Source Files</Filter>
    </ClCompile>
    <ClCompile Include="src\gcore\script\nodes\constant_node.cpp">
      <Filter>Source Files</Filter>
    </ClCompile>
    <ClCompile Include="src\gcore\script\node_factory.cpp">
      <Filter>Source Files</Filter>
    </ClCompile>
    <ClCompile Include="src\gtool\windows\node_editor_window.cpp">
      <Filter>Source Files</Filter>
    </ClCompile>
    <ClCompile Include="src\gcore\script\nodes\bool_operation_node.cpp">
      <Filter>Source Files</Filter>
    </ClCompile>
  </ItemGroup>
  <ItemGroup>
    <Natvis Include="src\gengine.natvis" />
  </ItemGroup>
</Project>